{
  "object": {
    "pins": [
      {
        "package": "Kingfisher",
        "repositoryURL": "https://github.com/onevcat/Kingfisher",
        "state": {
          "branch": "master",
          "revision": "0abe23a6b7909b011eb6e4cee85d509db768f41a",
          "version": null
        }
      },
      {
        "package": "SDWebImage",
        "repositoryURL": "https://github.com/SDWebImage/SDWebImage",
        "state": {
          "branch": "master",
          "revision": "74526bdde4b080916100261d4301dad5863b67df",
          "version": null
        }
      }
    ]
  },
  "version": 1
}
